
Microsoft Visual Studio Solution File, Format Version 12.00
# Visual Studio Version 17
VisualStudioVersion = 17.11.35219.272
MinimumVisualStudioVersion = 10.0.40219.1
Project("{9A19103F-16F7-4668-BE54-9A1E7A4F7556}") = "Inventory_Web", "Inventory_Web\Inventory_Web.csproj", "{3A4C4429-AAFB-48B3-A775-AC356076451A}"
EndProject
Project("{9A19103F-16F7-4668-BE54-9A1E7A4F7556}") = "Inventory_Core", "Inventory_Core\Inventory_Core.csproj", "{BABA4876-7CBD-496E-940A-823AAC434EBE}"
EndProject
Project("{FAE04EC0-301F-11D3-BF4B-00C04F79EFBC}") = "Inventory_Repo", "Inventory_Repo\Inventory_Repo.csproj", "{B456EC2D-000A-49C1-B953-E15A1A22A6F5}"
EndProject
Project("{FAE04EC0-301F-11D3-BF4B-00C04F79EFBC}") = "Inventory_Service", "Inventory_Service\Inventory_Service.csproj", "{D48B4A03-AD07-47E2-8560-BE6F24282CBF}"
EndProject
Global
	GlobalSection(SolutionConfigurationPlatforms) = preSolution
		Debug|Any CPU = Debug|Any CPU
		Release|Any CPU = Release|Any CPU
	EndGlobalSection
	GlobalSection(ProjectConfigurationPlatforms) = postSolution
		{3A4C4429-AAFB-48B3-A775-AC356076451A}.Debug|Any CPU.ActiveCfg = Debug|Any CPU
		{3A4C4429-AAFB-48B3-A775-AC356076451A}.Debug|Any CPU.Build.0 = Debug|Any CPU
		{3A4C4429-AAFB-48B3-A775-AC356076451A}.Release|Any CPU.ActiveCfg = Release|Any CPU
		{3A4C4429-AAFB-48B3-A775-AC356076451A}.Release|Any CPU.Build.0 = Release|Any CPU
		{BABA4876-7CBD-496E-940A-823AAC434EBE}.Debug|Any CPU.ActiveCfg = Debug|Any CPU
		{BABA4876-7CBD-496E-940A-823AAC434EBE}.Debug|Any CPU.Build.0 = Debug|Any CPU
		{BABA4876-7CBD-496E-940A-823AAC434EBE}.Release|Any CPU.ActiveCfg = Release|Any CPU
		{BABA4876-7CBD-496E-940A-823AAC434EBE}.Release|Any CPU.Build.0 = Release|Any CPU
		{B456EC2D-000A-49C1-B953-E15A1A22A6F5}.Debug|Any CPU.ActiveCfg = Debug|Any CPU
		{B456EC2D-000A-49C1-B953-E15A1A22A6F5}.Debug|Any CPU.Build.0 = Debug|Any CPU
		{B456EC2D-000A-49C1-B953-E15A1A22A6F5}.Release|Any CPU.ActiveCfg = Release|Any CPU
		{B456EC2D-000A-49C1-B953-E15A1A22A6F5}.Release|Any CPU.Build.0 = Release|Any CPU
		{D48B4A03-AD07-47E2-8560-BE6F24282CBF}.Debug|Any CPU.ActiveCfg = Debug|Any CPU
		{D48B4A03-AD07-47E2-8560-BE6F24282CBF}.Debug|Any CPU.Build.0 = Debug|Any CPU
		{D48B4A03-AD07-47E2-8560-BE6F24282CBF}.Release|Any CPU.ActiveCfg = Release|Any CPU
		{D48B4A03-AD07-47E2-8560-BE6F24282CBF}.Release|Any CPU.Build.0 = Release|Any CPU
	EndGlobalSection
	GlobalSection(SolutionProperties) = preSolution
		HideSolutionNode = FALSE
	EndGlobalSection
	GlobalSection(ExtensibilityGlobals) = postSolution
		SolutionGuid = {1A23AC35-B337-4F6E-BA41-681838189B43}
	EndGlobalSection
EndGlobal
